
Microsoft Visual Studio Solution File, Format Version 12.00
# Visual Studio 14
VisualStudioVersion = 14.0.25420.1
MinimumVisualStudioVersion = 10.0.40219.1
Project("{FAE04EC0-301F-11D3-BF4B-00C04F79EFBC}") = "WinTimer2", "WinTimer2\WinTimer2.csproj", "{320A5728-4577-4C34-84DA-45A7C6C6610C}"
EndProject
Global
	GlobalSection(SolutionConfigurationPlatforms) = preSolution
		Debug|Any CPU = Debug|Any CPU
		Release|Any CPU = Release|Any CPU
	EndGlobalSection
	GlobalSection(ProjectConfigurationPlatforms) = postSolution
		{320A5728-4577-4C34-84DA-45A7C6C6610C}.Debug|Any CPU.ActiveCfg = Debug|Any CPU
		{320A5728-4577-4C34-84DA-45A7C6C6610C}.Debug|Any CPU.Build.0 = Debug|Any CPU
		{320A5728-4577-4C34-84DA-45A7C6C6610C}.Release|Any CPU.ActiveCfg = Release|Any CPU
		{320A5728-4577-4C34-84DA-45A7C6C6610C}.Release|Any CPU.Build.0 = Release|Any CPU
	EndGlobalSection
	GlobalSection(SolutionProperties) = preSolution
		HideSolutionNode = FALSE
	EndGlobalSection
EndGlobal
